
Microsoft Visual Studio Solution File, Format Version 12.00
# Visual Studio Version 16
VisualStudioVersion = 16.0.30804.86
MinimumVisualStudioVersion = 10.0.40219.1
Project("{FAE04EC0-301F-11D3-BF4B-00C04F79EFBC}") = "Client_Manage", "Client_Manage\Client_Manage.csproj", "{BA5741EB-9E7A-4114-A5A1-569B8B9D7165}"
EndProject
Global
	GlobalSection(SolutionConfigurationPlatforms) = preSolution
		Debug|Any CPU = Debug|Any CPU
		Release|Any CPU = Release|Any CPU
	EndGlobalSection
	GlobalSection(ProjectConfigurationPlatforms) = postSolution
		{BA5741EB-9E7A-4114-A5A1-569B8B9D7165}.Debug|Any CPU.ActiveCfg = Debug|Any CPU
		{BA5741EB-9E7A-4114-A5A1-569B8B9D7165}.Debug|Any CPU.Build.0 = Debug|Any CPU
		{BA5741EB-9E7A-4114-A5A1-569B8B9D7165}.Release|Any CPU.ActiveCfg = Release|Any CPU
		{BA5741EB-9E7A-4114-A5A1-569B8B9D7165}.Release|Any CPU.Build.0 = Release|Any CPU
	EndGlobalSection
	GlobalSection(SolutionProperties) = preSolution
		HideSolutionNode = FALSE
	EndGlobalSection
	GlobalSection(ExtensibilityGlobals) = postSolution
		SolutionGuid = {47ADE9FE-C1DC-473F-9786-EC6BD9AFC787}
	EndGlobalSection
EndGlobal
